
Microsoft Visual Studio Solution File, Format Version 12.00
# Visual Studio Version 17
VisualStudioVersion = 17.6.33815.320
MinimumVisualStudioVersion = 10.0.40219.1
Project("{9A19103F-16F7-4668-BE54-9A1E7A4F7556}") = "Stories", "Stories\Stories.csproj", "{09541036-07E0-4B1B-BC7F-EB1F7EE2F325}"
EndProject
Project("{9A19103F-16F7-4668-BE54-9A1E7A4F7556}") = "Stories.Tests", "Stories.Tests\Stories.Tests.csproj", "{571BDC1D-4326-4039-8978-43AC611CA2E2}"
EndProject
Project("{2150E333-8FDC-42A3-9474-1A3956D46DE8}") = "Solution Items", "Solution Items", "{A172EE9A-7369-43BC-B9BB-5AF12796F1D9}"
	ProjectSection(SolutionItems) = preProject
		README.md = README.md
	EndProjectSection
EndProject
Global
	GlobalSection(SolutionConfigurationPlatforms) = preSolution
		Debug|Any CPU = Debug|Any CPU
		Release|Any CPU = Release|Any CPU
	EndGlobalSection
	GlobalSection(ProjectConfigurationPlatforms) = postSolution
		{09541036-07E0-4B1B-BC7F-EB1F7EE2F325}.Debug|Any CPU.ActiveCfg = Debug|Any CPU
		{09541036-07E0-4B1B-BC7F-EB1F7EE2F325}.Debug|Any CPU.Build.0 = Debug|Any CPU
		{09541036-07E0-4B1B-BC7F-EB1F7EE2F325}.Release|Any CPU.ActiveCfg = Release|Any CPU
		{09541036-07E0-4B1B-BC7F-EB1F7EE2F325}.Release|Any CPU.Build.0 = Release|Any CPU
		{571BDC1D-4326-4039-8978-43AC611CA2E2}.Debug|Any CPU.ActiveCfg = Debug|Any CPU
		{571BDC1D-4326-4039-8978-43AC611CA2E2}.Debug|Any CPU.Build.0 = Debug|Any CPU
		{571BDC1D-4326-4039-8978-43AC611CA2E2}.Release|Any CPU.ActiveCfg = Release|Any CPU
		{571BDC1D-4326-4039-8978-43AC611CA2E2}.Release|Any CPU.Build.0 = Release|Any CPU
	EndGlobalSection
	GlobalSection(SolutionProperties) = preSolution
		HideSolutionNode = FALSE
	EndGlobalSection
	GlobalSection(ExtensibilityGlobals) = postSolution
		SolutionGuid = {C356E3F6-B016-422E-A7EB-3CDEA51EA6BE}
	EndGlobalSection
EndGlobal
